
Microsoft Visual Studio Solution File, Format Version 12.00
# Visual Studio 15
VisualStudioVersion = 15.0.28307.421
MinimumVisualStudioVersion = 10.0.40219.1
Project("{FAE04EC0-301F-11D3-BF4B-00C04F79EFBC}") = "AspWebApi", "AspWebApi\AspWebApi.csproj", "{15F76066-13E1-4CE3-965E-B78DB7918981}"
EndProject
Global
	GlobalSection(SolutionConfigurationPlatforms) = preSolution
		Debug|Any CPU = Debug|Any CPU
		Release|Any CPU = Release|Any CPU
	EndGlobalSection
	GlobalSection(ProjectConfigurationPlatforms) = postSolution
		{15F76066-13E1-4CE3-965E-B78DB7918981}.Debug|Any CPU.ActiveCfg = Debug|Any CPU
		{15F76066-13E1-4CE3-965E-B78DB7918981}.Debug|Any CPU.Build.0 = Debug|Any CPU
		{15F76066-13E1-4CE3-965E-B78DB7918981}.Release|Any CPU.ActiveCfg = Release|Any CPU
		{15F76066-13E1-4CE3-965E-B78DB7918981}.Release|Any CPU.Build.0 = Release|Any CPU
	EndGlobalSection
	GlobalSection(SolutionProperties) = preSolution
		HideSolutionNode = FALSE
	EndGlobalSection
	GlobalSection(ExtensibilityGlobals) = postSolution
		SolutionGuid = {89C0A1B7-F3DA-4DAD-AEE5-6B530D0CCB34}
	EndGlobalSection
EndGlobal
